# Generated by buf. DO NOT EDIT.
version: v2
deps:
  - name: buf.build/googleapis/googleapis
    commit: 536964a08a534d51b8f30f2d6751f1f9
    digest: b5:3e05d27e797b00c345fadd3c15cf0e16c4cc693036a55059721e66d6ce22a96264a4897658c9243bb0874fa9ca96e437589eb512189d2754604a626c632f6030
  - name: buf.build/grpc-ecosystem/grpc-gateway
    commit: 6467306b4f624747aaf6266762ee7a1c
    digest: b5:c2caa61467d992749812c909f93c07e9a667da33c758a7c1973d63136c23b3cafcc079985b12cdf54a10049ed3297418f1eda42cdffdcf34113792dcc3a990af
